// !$*UTF8*$!
{
	archiveVersion = 1;
	classes = {
	};
	objectVersion = 77;
	objects = {

/* Begin PBXBuildFile section */
		256AAC62F47CCE11E044D70A /* NoteState.swift in Sources */ = {isa = PBXBuildFile; fileRef = F140AFFC3A829903E5FFE1D1 /* NoteState.swift */; };
		88056FA5AC4C04148E5426D2 /* Assets.xcassets in Resources */ = {isa = PBXBuildFile; fileRef = 4381242E302D3F69814DCDD7 /* Assets.xcassets */; };
		A6A8DA3E63D2CD2AB9D2519B /* TimerViewTests.swift in Sources */ = {isa = PBXBuildFile; fileRef = CB8B65BF19F6BD6C5A1B96CE /* TimerViewTests.swift */; };
		D27C277251C17150C6E41296 /* FiveMinuteNoteApp.swift in Sources */ = {isa = PBXBuildFile; fileRef = 07A52AA5AF26C4B8AB8AEA85 /* FiveMinuteNoteApp.swift */; };
		D536BBDB54A874BC64624872 /* NoteContentView.swift in Sources */ = {isa = PBXBuildFile; fileRef = 95AA0AC80F99E898E7D3D760 /* NoteContentView.swift */; };
		DC17F1A5C19514D7C477E882 /* NoteStateTests.swift in Sources */ = {isa = PBXBuildFile; fileRef = 012531F6B596FEF16A28C99A /* NoteStateTests.swift */; };
		E1A35A304D732BDE64C5AF7D /* NoteTextEditorTests.swift in Sources */ = {isa = PBXBuildFile; fileRef = 29ED4BE8EC2CE4CE4D9A9621 /* NoteTextEditorTests.swift */; };
/* End PBXBuildFile section */

/* Begin PBXContainerItemProxy section */
		8C0D2C3B51B26264229E4A35 /* PBXContainerItemProxy */ = {
			isa = PBXContainerItemProxy;
			containerPortal = E3A94DB1B92A189AECC3CDF2 /* Project object */;
			proxyType = 1;
			remoteGlobalIDString = 7F390C15CBEF7E3D9DA0F8BC;
			remoteInfo = FiveMinuteNote;
		};
/* End PBXContainerItemProxy section */

/* Begin PBXFileReference section */
		012531F6B596FEF16A28C99A /* NoteStateTests.swift */ = {isa = PBXFileReference; lastKnownFileType = sourcecode.swift; path = NoteStateTests.swift; sourceTree = "<group>"; };
		07A52AA5AF26C4B8AB8AEA85 /* FiveMinuteNoteApp.swift */ = {isa = PBXFileReference; lastKnownFileType = sourcecode.swift; path = FiveMinuteNoteApp.swift; sourceTree = "<group>"; };
		29ED4BE8EC2CE4CE4D9A9621 /* NoteTextEditorTests.swift */ = {isa = PBXFileReference; lastKnownFileType = sourcecode.swift; path = NoteTextEditorTests.swift; sourceTree = "<group>"; };
		4381242E302D3F69814DCDD7 /* Assets.xcassets */ = {isa = PBXFileReference; lastKnownFileType = folder.assetcatalog; path = Assets.xcassets; sourceTree = "<group>"; };
		4A4C9B5BE31C83942E38A7D2 /* FiveMinuteNoteTests.xctest */ = {isa = PBXFileReference; explicitFileType = wrapper.cfbundle; includeInIndex = 0; path = FiveMinuteNoteTests.xctest; sourceTree = BUILT_PRODUCTS_DIR; };
		95AA0AC80F99E898E7D3D760 /* NoteContentView.swift */ = {isa = PBXFileReference; lastKnownFileType = sourcecode.swift; path = NoteContentView.swift; sourceTree = "<group>"; };
		96D3104AC2A16E52AE910B42 /* FiveMinuteNote.app */ = {isa = PBXFileReference; explicitFileType = wrapper.application; includeInIndex = 0; path = FiveMinuteNote.app; sourceTree = BUILT_PRODUCTS_DIR; };
		B9AC016B18CA5F15F90F7140 /* Info.plist */ = {isa = PBXFileReference; lastKnownFileType = text.plist; path = Info.plist; sourceTree = "<group>"; };
		CB8B65BF19F6BD6C5A1B96CE /* TimerViewTests.swift */ = {isa = PBXFileReference; lastKnownFileType = sourcecode.swift; path = TimerViewTests.swift; sourceTree = "<group>"; };
		F140AFFC3A829903E5FFE1D1 /* NoteState.swift */ = {isa = PBXFileReference; lastKnownFileType = sourcecode.swift; path = NoteState.swift; sourceTree = "<group>"; };
/* End PBXFileReference section */

/* Begin PBXGroup section */
		1A70AF2513D29C9E64806F85 /* FiveMinuteNote */ = {
			isa = PBXGroup;
			children = (
				4381242E302D3F69814DCDD7 /* Assets.xcassets */,
				07A52AA5AF26C4B8AB8AEA85 /* FiveMinuteNoteApp.swift */,
				B9AC016B18CA5F15F90F7140 /* Info.plist */,
				95AA0AC80F99E898E7D3D760 /* NoteContentView.swift */,
				F140AFFC3A829903E5FFE1D1 /* NoteState.swift */,
			);
			path = FiveMinuteNote;
			sourceTree = "<group>";
		};
		52568EB341D3B9D76A03142E /* Products */ = {
			isa = PBXGroup;
			children = (
				96D3104AC2A16E52AE910B42 /* FiveMinuteNote.app */,
				4A4C9B5BE31C83942E38A7D2 /* FiveMinuteNoteTests.xctest */,
			);
			name = Products;
			sourceTree = "<group>";
		};
		57E6A45E35481E1B70ADA7D4 /* FiveMinuteNoteTests */ = {
			isa = PBXGroup;
			children = (
				012531F6B596FEF16A28C99A /* NoteStateTests.swift */,
				29ED4BE8EC2CE4CE4D9A9621 /* NoteTextEditorTests.swift */,
				CB8B65BF19F6BD6C5A1B96CE /* TimerViewTests.swift */,
			);
			path = FiveMinuteNoteTests;
			sourceTree = "<group>";
		};
		BB25C60B82FB2EEC81A12F20 = {
			isa = PBXGroup;
			children = (
				1A70AF2513D29C9E64806F85 /* FiveMinuteNote */,
				57E6A45E35481E1B70ADA7D4 /* FiveMinuteNoteTests */,
				52568EB341D3B9D76A03142E /* Products */,
			);
			sourceTree = "<group>";
		};
/* End PBXGroup section */

/* Begin PBXNativeTarget section */
		2E8FD9FB60DDE2378E4DCFDB /* FiveMinuteNoteTests */ = {
			isa = PBXNativeTarget;
			buildConfigurationList = F71DBD120655CB07C70A74F3 /* Build configuration list for PBXNativeTarget "FiveMinuteNoteTests" */;
			buildPhases = (
				E6F62A40578F320351F6225D /* Sources */,
			);
			buildRules = (
			);
			dependencies = (
				8E1E62A4E68E2D59B4B57CD1 /* PBXTargetDependency */,
			);
			name = FiveMinuteNoteTests;
			packageProductDependencies = (
			);
			productName = FiveMinuteNoteTests;
			productReference = 4A4C9B5BE31C83942E38A7D2 /* FiveMinuteNoteTests.xctest */;
			productType = "com.apple.product-type.bundle.unit-test";
		};
		7F390C15CBEF7E3D9DA0F8BC /* FiveMinuteNote */ = {
			isa = PBXNativeTarget;
			buildConfigurationList = 44CE4ECBFA15BAA57CFDB672 /* Build configuration list for PBXNativeTarget "FiveMinuteNote" */;
			buildPhases = (
				4416B35C8465B523EB1664C5 /* Sources */,
				E5DE7CFF3D30940165AB026D /* Resources */,
			);
			buildRules = (
			);
			dependencies = (
			);
			name = FiveMinuteNote;
			packageProductDependencies = (
			);
			productName = FiveMinuteNote;
			productReference = 96D3104AC2A16E52AE910B42 /* FiveMinuteNote.app */;
			productType = "com.apple.product-type.application";
		};
/* End PBXNativeTarget section */

/* Begin PBXProject section */
		E3A94DB1B92A189AECC3CDF2 /* Project object */ = {
			isa = PBXProject;
			attributes = {
				BuildIndependentTargetsInParallel = YES;
				LastUpgradeCheck = 1500;
			};
			buildConfigurationList = 0B40C40DD15C6E6BCD67126C /* Build configuration list for PBXProject "FiveMinuteNote" */;
			compatibilityVersion = "Xcode 14.0";
			developmentRegion = en;
			hasScannedForEncodings = 0;
			knownRegions = (
				Base,
				en,
			);
			mainGroup = BB25C60B82FB2EEC81A12F20;
			minimizedProjectReferenceProxies = 1;
			preferredProjectObjectVersion = 77;
			projectDirPath = "";
			projectRoot = "";
			targets = (
				7F390C15CBEF7E3D9DA0F8BC /* FiveMinuteNote */,
				2E8FD9FB60DDE2378E4DCFDB /* FiveMinuteNoteTests */,
			);
		};
/* End PBXProject section */

/* Begin PBXResourcesBuildPhase section */
		E5DE7CFF3D30940165AB026D /* Resources */ = {
			isa = PBXResourcesBuildPhase;
			buildActionMask = 2147483647;
			files = (
				88056FA5AC4C04148E5426D2 /* Assets.xcassets in Resources */,
			);
			runOnlyForDeploymentPostprocessing = 0;
		};
/* End PBXResourcesBuildPhase section */

/* Begin PBXSourcesBuildPhase section */
		4416B35C8465B523EB1664C5 /* Sources */ = {
			isa = PBXSourcesBuildPhase;
			buildActionMask = 2147483647;
			files = (
				D27C277251C17150C6E41296 /* FiveMinuteNoteApp.swift in Sources */,
				D536BBDB54A874BC64624872 /* NoteContentView.swift in Sources */,
				256AAC62F47CCE11E044D70A /* NoteState.swift in Sources */,
			);
			runOnlyForDeploymentPostprocessing = 0;
		};
		E6F62A40578F320351F6225D /* Sources */ = {
			isa = PBXSourcesBuildPhase;
			buildActionMask = 2147483647;
			files = (
				DC17F1A5C19514D7C477E882 /* NoteStateTests.swift in Sources */,
				E1A35A304D732BDE64C5AF7D /* NoteTextEditorTests.swift in Sources */,
				A6A8DA3E63D2CD2AB9D2519B /* TimerViewTests.swift in Sources */,
			);
			runOnlyForDeploymentPostprocessing = 0;
		};
/* End PBXSourcesBuildPhase section */

/* Begin PBXTargetDependency section */
		8E1E62A4E68E2D59B4B57CD1 /* PBXTargetDependency */ = {
			isa = PBXTargetDependency;
			target = 7F390C15CBEF7E3D9DA0F8BC /* FiveMinuteNote */;
			targetProxy = 8C0D2C3B51B26264229E4A35 /* PBXContainerItemProxy */;
		};
/* End PBXTargetDependency section */

/* Begin XCBuildConfiguration section */
		0794EE552CFB5DF4E119E8D4 /* Debug */ = {
			isa = XCBuildConfiguration;
			buildSettings = {
				BUNDLE_LOADER = "$(TEST_HOST)";
				COMBINE_HIDPI_IMAGES = YES;
				GENERATE_INFOPLIST_FILE = YES;
				LD_RUNPATH_SEARCH_PATHS = (
					"$(inherited)",
					"@executable_path/../Frameworks",
					"@loader_path/../Frameworks",
				);
				MACOSX_DEPLOYMENT_TARGET = 13.0;
				PRODUCT_BUNDLE_IDENTIFIER = com.fiveminutenote.FiveMinuteNoteTests;
				SDKROOT = macosx;
				SWIFT_VERSION = 5.9;
				TEST_HOST = "$(BUILT_PRODUCTS_DIR)/Five Minute Note.app/Contents/MacOS/Five Minute Note";
			};
			name = Debug;
		};
		4A79B991044392B2A3EC01F9 /* Debug */ = {
			isa = XCBuildConfiguration;
			buildSettings = {
				ALWAYS_SEARCH_USER_PATHS = NO;
				CLANG_ANALYZER_NONNULL = YES;
				CLANG_ANALYZER_NUMBER_OBJECT_CONVERSION = YES_AGGRESSIVE;
				CLANG_CXX_LANGUAGE_STANDARD = "gnu++14";
				CLANG_CXX_LIBRARY = "libc++";
				CLANG_ENABLE_MODULES = YES;
				CLANG_ENABLE_OBJC_ARC = YES;
				CLANG_ENABLE_OBJC_WEAK = YES;
				CLANG_WARN_BLOCK_CAPTURE_AUTORELEASING = YES;
				CLANG_WARN_BOOL_CONVERSION = YES;
				CLANG_WARN_COMMA = YES;
				CLANG_WARN_CONSTANT_CONVERSION = YES;
				CLANG_WARN_DEPRECATED_OBJC_IMPLEMENTATIONS = YES;
				CLANG_WARN_DIRECT_OBJC_ISA_USAGE = YES_ERROR;
				CLANG_WARN_DOCUMENTATION_COMMENTS = YES;
				CLANG_WARN_EMPTY_BODY = YES;
				CLANG_WARN_ENUM_CONVERSION = YES;
				CLANG_WARN_INFINITE_RECURSION = YES;
				CLANG_WARN_INT_CONVERSION = YES;
				CLANG_WARN_NON_LITERAL_NULL_CONVERSION = YES;
				CLANG_WARN_OBJC_IMPLICIT_RETAIN_SELF = YES;
				CLANG_WARN_OBJC_LITERAL_CONVERSION = YES;
				CLANG_WARN_OBJC_ROOT_CLASS = YES_ERROR;
				CLANG_WARN_QUOTED_INCLUDE_IN_FRAMEWORK_HEADER = YES;
				CLANG_WARN_RANGE_LOOP_ANALYSIS = YES;
				CLANG_WARN_STRICT_PROTOTYPES = YES;
				CLANG_WARN_SUSPICIOUS_MOVE = YES;
				CLANG_WARN_UNGUARDED_AVAILABILITY = YES_AGGRESSIVE;
				CLANG_WARN_UNREACHABLE_CODE = YES;
				CLANG_WARN__DUPLICATE_METHOD_MATCH = YES;
				COPY_PHASE_STRIP = NO;
				DEBUG_INFORMATION_FORMAT = dwarf;
				ENABLE_STRICT_OBJC_MSGSEND = YES;
				ENABLE_TESTABILITY = YES;
				GCC_C_LANGUAGE_STANDARD = gnu11;
				GCC_DYNAMIC_NO_PIC = NO;
				GCC_NO_COMMON_BLOCKS = YES;
				GCC_OPTIMIZATION_LEVEL = 0;
				GCC_PREPROCESSOR_DEFINITIONS = (
					"$(inherited)",
					"DEBUG=1",
				);
				GCC_WARN_64_TO_32_BIT_CONVERSION = YES;
				GCC_WARN_ABOUT_RETURN_TYPE = YES_ERROR;
				GCC_WARN_UNDECLARED_SELECTOR = YES;
				GCC_WARN_UNINITIALIZED_AUTOS = YES_AGGRESSIVE;
				GCC_WARN_UNUSED_FUNCTION = YES;
				GCC_WARN_UNUSED_VARIABLE = YES;
				MACOSX_DEPLOYMENT_TARGET = 13.0;
				MTL_ENABLE_DEBUG_INFO = INCLUDE_SOURCE;
				MTL_FAST_MATH = YES;
				ONLY_ACTIVE_ARCH = YES;
				PRODUCT_NAME = "$(TARGET_NAME)";
				SDKROOT = macosx;
				SWIFT_ACTIVE_COMPILATION_CONDITIONS = DEBUG;
				SWIFT_OPTIMIZATION_LEVEL = "-Onone";
				SWIFT_VERSION = 5.0;
			};
			name = Debug;
		};
		72E590C54724CDABC471050A /* Release */ = {
			isa = XCBuildConfiguration;
			buildSettings = {
				BUNDLE_LOADER = "$(TEST_HOST)";
				COMBINE_HIDPI_IMAGES = YES;
				GENERATE_INFOPLIST_FILE = YES;
				LD_RUNPATH_SEARCH_PATHS = (
					"$(inherited)",
					"@executable_path/../Frameworks",
					"@loader_path/../Frameworks",
				);
				MACOSX_DEPLOYMENT_TARGET = 13.0;
				PRODUCT_BUNDLE_IDENTIFIER = com.fiveminutenote.FiveMinuteNoteTests;
				SDKROOT = macosx;
				SWIFT_VERSION = 5.9;
				TEST_HOST = "$(BUILT_PRODUCTS_DIR)/Five Minute Note.app/Contents/MacOS/Five Minute Note";
			};
			name = Release;
		};
		882086C0C9AC91B9DF54C044 /* Release */ = {
			isa = XCBuildConfiguration;
			buildSettings = {
				ALWAYS_SEARCH_USER_PATHS = NO;
				CLANG_ANALYZER_NONNULL = YES;
				CLANG_ANALYZER_NUMBER_OBJECT_CONVERSION = YES_AGGRESSIVE;
				CLANG_CXX_LANGUAGE_STANDARD = "gnu++14";
				CLANG_CXX_LIBRARY = "libc++";
				CLANG_ENABLE_MODULES = YES;
				CLANG_ENABLE_OBJC_ARC = YES;
				CLANG_ENABLE_OBJC_WEAK = YES;
				CLANG_WARN_BLOCK_CAPTURE_AUTORELEASING = YES;
				CLANG_WARN_BOOL_CONVERSION = YES;
				CLANG_WARN_COMMA = YES;
				CLANG_WARN_CONSTANT_CONVERSION = YES;
				CLANG_WARN_DEPRECATED_OBJC_IMPLEMENTATIONS = YES;
				CLANG_WARN_DIRECT_OBJC_ISA_USAGE = YES_ERROR;
				CLANG_WARN_DOCUMENTATION_COMMENTS = YES;
				CLANG_WARN_EMPTY_BODY = YES;
				CLANG_WARN_ENUM_CONVERSION = YES;
				CLANG_WARN_INFINITE_RECURSION = YES;
				CLANG_WARN_INT_CONVERSION = YES;
				CLANG_WARN_NON_LITERAL_NULL_CONVERSION = YES;
				CLANG_WARN_OBJC_IMPLICIT_RETAIN_SELF = YES;
				CLANG_WARN_OBJC_LITERAL_CONVERSION = YES;
				CLANG_WARN_OBJC_ROOT_CLASS = YES_ERROR;
				CLANG_WARN_QUOTED_INCLUDE_IN_FRAMEWORK_HEADER = YES;
				CLANG_WARN_RANGE_LOOP_ANALYSIS = YES;
				CLANG_WARN_STRICT_PROTOTYPES = YES;
				CLANG_WARN_SUSPICIOUS_MOVE = YES;
				CLANG_WARN_UNGUARDED_AVAILABILITY = YES_AGGRESSIVE;
				CLANG_WARN_UNREACHABLE_CODE = YES;
				CLANG_WARN__DUPLICATE_METHOD_MATCH = YES;
				COPY_PHASE_STRIP = NO;
				DEBUG_INFORMATION_FORMAT = "dwarf-with-dsym";
				ENABLE_NS_ASSERTIONS = NO;
				ENABLE_STRICT_OBJC_MSGSEND = YES;
				GCC_C_LANGUAGE_STANDARD = gnu11;
				GCC_NO_COMMON_BLOCKS = YES;
				GCC_WARN_64_TO_32_BIT_CONVERSION = YES;
				GCC_WARN_ABOUT_RETURN_TYPE = YES_ERROR;
				GCC_WARN_UNDECLARED_SELECTOR = YES;
				GCC_WARN_UNINITIALIZED_AUTOS = YES_AGGRESSIVE;
				GCC_WARN_UNUSED_FUNCTION = YES;
				GCC_WARN_UNUSED_VARIABLE = YES;
				MACOSX_DEPLOYMENT_TARGET = 13.0;
				MTL_ENABLE_DEBUG_INFO = NO;
				MTL_FAST_MATH = YES;
				PRODUCT_NAME = "$(TARGET_NAME)";
				SDKROOT = macosx;
				SWIFT_COMPILATION_MODE = wholemodule;
				SWIFT_OPTIMIZATION_LEVEL = "-O";
				SWIFT_VERSION = 5.0;
			};
			name = Release;
		};
		93C83A39A37F2AE548F1967D /* Release */ = {
			isa = XCBuildConfiguration;
			buildSettings = {
				ASSETCATALOG_COMPILER_APPICON_NAME = AppIcon;
				CODE_SIGN_ENTITLEMENTS = FiveMinuteNote/FiveMinuteNote.entitlements;
				CODE_SIGN_IDENTITY = "-";
				COMBINE_HIDPI_IMAGES = YES;
				ENABLE_APP_SANDBOX = NO;
				ENABLE_HARDENED_RUNTIME = YES;
				INFOPLIST_FILE = FiveMinuteNote/Info.plist;
				LD_RUNPATH_SEARCH_PATHS = (
					"$(inherited)",
					"@executable_path/../Frameworks",
				);
				MACOSX_DEPLOYMENT_TARGET = 13.0;
				PRODUCT_BUNDLE_IDENTIFIER = com.fiveminutenote.app;
				PRODUCT_MODULE_NAME = FiveMinuteNote;
				PRODUCT_NAME = "Five Minute Note";
				SDKROOT = macosx;
				SWIFT_VERSION = 5.9;
			};
			name = Release;
		};
		F73AF65FCA607809D90CF693 /* Debug */ = {
			isa = XCBuildConfiguration;
			buildSettings = {
				ASSETCATALOG_COMPILER_APPICON_NAME = AppIcon;
				CODE_SIGN_ENTITLEMENTS = FiveMinuteNote/FiveMinuteNote.entitlements;
				CODE_SIGN_IDENTITY = "-";
				COMBINE_HIDPI_IMAGES = YES;
				ENABLE_APP_SANDBOX = NO;
				ENABLE_HARDENED_RUNTIME = YES;
				INFOPLIST_FILE = FiveMinuteNote/Info.plist;
				LD_RUNPATH_SEARCH_PATHS = (
					"$(inherited)",
					"@executable_path/../Frameworks",
				);
				MACOSX_DEPLOYMENT_TARGET = 13.0;
				PRODUCT_BUNDLE_IDENTIFIER = com.fiveminutenote.app;
				PRODUCT_MODULE_NAME = FiveMinuteNote;
				PRODUCT_NAME = "Five Minute Note";
				SDKROOT = macosx;
				SWIFT_VERSION = 5.9;
			};
			name = Debug;
		};
/* End XCBuildConfiguration section */

/* Begin XCConfigurationList section */
		0B40C40DD15C6E6BCD67126C /* Build configuration list for PBXProject "FiveMinuteNote" */ = {
			isa = XCConfigurationList;
			buildConfigurations = (
				4A79B991044392B2A3EC01F9 /* Debug */,
				882086C0C9AC91B9DF54C044 /* Release */,
			);
			defaultConfigurationIsVisible = 0;
			defaultConfigurationName = Debug;
		};
		44CE4ECBFA15BAA57CFDB672 /* Build configuration list for PBXNativeTarget "FiveMinuteNote" */ = {
			isa = XCConfigurationList;
			buildConfigurations = (
				F73AF65FCA607809D90CF693 /* Debug */,
				93C83A39A37F2AE548F1967D /* Release */,
			);
			defaultConfigurationIsVisible = 0;
			defaultConfigurationName = Debug;
		};
		F71DBD120655CB07C70A74F3 /* Build configuration list for PBXNativeTarget "FiveMinuteNoteTests" */ = {
			isa = XCConfigurationList;
			buildConfigurations = (
				0794EE552CFB5DF4E119E8D4 /* Debug */,
				72E590C54724CDABC471050A /* Release */,
			);
			defaultConfigurationIsVisible = 0;
			defaultConfigurationName = Debug;
		};
/* End XCConfigurationList section */
	};
	rootObject = E3A94DB1B92A189AECC3CDF2 /* Project object */;
}
